
Microsoft Visual Studio Solution File, Format Version 12.00
# Visual Studio Version 17
VisualStudioVersion = 17.12.35514.174
MinimumVisualStudioVersion = 10.0.40219.1
Project("{FAE04EC0-301F-11D3-BF4B-00C04F79EFBC}") = "MTBS.Domain", "MTBS.Domain\MTBS.Domain.csproj", "{5342C46D-FCD6-45F7-9CFD-00D73FA3FA64}"
EndProject
Project("{FAE04EC0-301F-11D3-BF4B-00C04F79EFBC}") = "MTBS.Application", "MTBS.Application\MTBS.Application.csproj", "{FC473BA6-8D3C-4A85-B51E-AEA33BAC3DB5}"
EndProject
Project("{FAE04EC0-301F-11D3-BF4B-00C04F79EFBC}") = "MTBS.Infrastructure", "MTBS.Infrastructure\MTBS.Infrastructure.csproj", "{603D06F2-72FB-44ED-A951-26E04C66C641}"
EndProject
Project("{FAE04EC0-301F-11D3-BF4B-00C04F79EFBC}") = "MTBS.WebApp", "MTBS.WebApp\MTBS.WebApp.csproj", "{F18C9CD1-C83A-406E-A5C2-0E883CEB1E5A}"
EndProject
Project("{2150E333-8FDC-42A3-9474-1A3956D46DE8}") = "src", "src", "{802BCEA7-6BE0-4127-B514-8359A881360E}"
EndProject
Project("{2150E333-8FDC-42A3-9474-1A3956D46DE8}") = "frontend", "frontend", "{ED0C64DC-09B2-4207-BD7C-E3650B60B32F}"
EndProject
Project("{FAE04EC0-301F-11D3-BF4B-00C04F79EFBC}") = "BlazorApp.MovieTicketBooking", "BlazorApp.MovieTicketBooking\BlazorApp.MovieTicketBooking\BlazorApp.MovieTicketBooking.csproj", "{B9B88C9F-B5D2-429B-990F-0C934B98B77E}"
EndProject
Project("{FAE04EC0-301F-11D3-BF4B-00C04F79EFBC}") = "BlazorApp.MovieTicketBooking.Client", "BlazorApp.MovieTicketBooking\BlazorApp.MovieTicketBooking.Client\BlazorApp.MovieTicketBooking.Client.csproj", "{7D690D5B-BD5B-42AB-9DD3-AC44726D3A72}"
EndProject
Project("{FAE04EC0-301F-11D3-BF4B-00C04F79EFBC}") = "MTBS.Shared", "MTBS.Shared\MTBS.Shared.csproj", "{611BF39C-EB1F-49E4-81A6-E026F8F252B0}"
EndProject
Project("{FAE04EC0-301F-11D3-BF4B-00C04F79EFBC}") = "MTBS.WebServer", "MTBS.WebServer\MTBS.WebServer\MTBS.WebServer.csproj", "{1CFD14CD-AD85-416A-A966-33C7F5D62D4C}"
EndProject
Project("{FAE04EC0-301F-11D3-BF4B-00C04F79EFBC}") = "MTBS.WebServer.Client", "MTBS.WebServer\MTBS.WebServer.Client\MTBS.WebServer.Client.csproj", "{86587188-FD34-465B-8FD1-187B8456E748}"
EndProject
Global
	GlobalSection(SolutionConfigurationPlatforms) = preSolution
		Debug|Any CPU = Debug|Any CPU
		Release|Any CPU = Release|Any CPU
	EndGlobalSection
	GlobalSection(ProjectConfigurationPlatforms) = postSolution
		{5342C46D-FCD6-45F7-9CFD-00D73FA3FA64}.Debug|Any CPU.ActiveCfg = Debug|Any CPU
		{5342C46D-FCD6-45F7-9CFD-00D73FA3FA64}.Debug|Any CPU.Build.0 = Debug|Any CPU
		{5342C46D-FCD6-45F7-9CFD-00D73FA3FA64}.Release|Any CPU.ActiveCfg = Release|Any CPU
		{5342C46D-FCD6-45F7-9CFD-00D73FA3FA64}.Release|Any CPU.Build.0 = Release|Any CPU
		{FC473BA6-8D3C-4A85-B51E-AEA33BAC3DB5}.Debug|Any CPU.ActiveCfg = Debug|Any CPU
		{FC473BA6-8D3C-4A85-B51E-AEA33BAC3DB5}.Debug|Any CPU.Build.0 = Debug|Any CPU
		{FC473BA6-8D3C-4A85-B51E-AEA33BAC3DB5}.Release|Any CPU.ActiveCfg = Release|Any CPU
		{FC473BA6-8D3C-4A85-B51E-AEA33BAC3DB5}.Release|Any CPU.Build.0 = Release|Any CPU
		{603D06F2-72FB-44ED-A951-26E04C66C641}.Debug|Any CPU.ActiveCfg = Debug|Any CPU
		{603D06F2-72FB-44ED-A951-26E04C66C641}.Debug|Any CPU.Build.0 = Debug|Any CPU
		{603D06F2-72FB-44ED-A951-26E04C66C641}.Release|Any CPU.ActiveCfg = Release|Any CPU
		{603D06F2-72FB-44ED-A951-26E04C66C641}.Release|Any CPU.Build.0 = Release|Any CPU
		{F18C9CD1-C83A-406E-A5C2-0E883CEB1E5A}.Debug|Any CPU.ActiveCfg = Debug|Any CPU
		{F18C9CD1-C83A-406E-A5C2-0E883CEB1E5A}.Debug|Any CPU.Build.0 = Debug|Any CPU
		{F18C9CD1-C83A-406E-A5C2-0E883CEB1E5A}.Release|Any CPU.ActiveCfg = Release|Any CPU
		{F18C9CD1-C83A-406E-A5C2-0E883CEB1E5A}.Release|Any CPU.Build.0 = Release|Any CPU
		{B9B88C9F-B5D2-429B-990F-0C934B98B77E}.Debug|Any CPU.ActiveCfg = Debug|Any CPU
		{B9B88C9F-B5D2-429B-990F-0C934B98B77E}.Debug|Any CPU.Build.0 = Debug|Any CPU
		{B9B88C9F-B5D2-429B-990F-0C934B98B77E}.Release|Any CPU.ActiveCfg = Release|Any CPU
		{B9B88C9F-B5D2-429B-990F-0C934B98B77E}.Release|Any CPU.Build.0 = Release|Any CPU
		{7D690D5B-BD5B-42AB-9DD3-AC44726D3A72}.Debug|Any CPU.ActiveCfg = Debug|Any CPU
		{7D690D5B-BD5B-42AB-9DD3-AC44726D3A72}.Debug|Any CPU.Build.0 = Debug|Any CPU
		{7D690D5B-BD5B-42AB-9DD3-AC44726D3A72}.Release|Any CPU.ActiveCfg = Release|Any CPU
		{7D690D5B-BD5B-42AB-9DD3-AC44726D3A72}.Release|Any CPU.Build.0 = Release|Any CPU
		{611BF39C-EB1F-49E4-81A6-E026F8F252B0}.Debug|Any CPU.ActiveCfg = Debug|Any CPU
		{611BF39C-EB1F-49E4-81A6-E026F8F252B0}.Debug|Any CPU.Build.0 = Debug|Any CPU
		{611BF39C-EB1F-49E4-81A6-E026F8F252B0}.Release|Any CPU.ActiveCfg = Release|Any CPU
		{611BF39C-EB1F-49E4-81A6-E026F8F252B0}.Release|Any CPU.Build.0 = Release|Any CPU
		{1CFD14CD-AD85-416A-A966-33C7F5D62D4C}.Debug|Any CPU.ActiveCfg = Debug|Any CPU
		{1CFD14CD-AD85-416A-A966-33C7F5D62D4C}.Debug|Any CPU.Build.0 = Debug|Any CPU
		{1CFD14CD-AD85-416A-A966-33C7F5D62D4C}.Release|Any CPU.ActiveCfg = Release|Any CPU
		{1CFD14CD-AD85-416A-A966-33C7F5D62D4C}.Release|Any CPU.Build.0 = Release|Any CPU
		{86587188-FD34-465B-8FD1-187B8456E748}.Debug|Any CPU.ActiveCfg = Debug|Any CPU
		{86587188-FD34-465B-8FD1-187B8456E748}.Debug|Any CPU.Build.0 = Debug|Any CPU
		{86587188-FD34-465B-8FD1-187B8456E748}.Release|Any CPU.ActiveCfg = Release|Any CPU
		{86587188-FD34-465B-8FD1-187B8456E748}.Release|Any CPU.Build.0 = Release|Any CPU
	EndGlobalSection
	GlobalSection(SolutionProperties) = preSolution
		HideSolutionNode = FALSE
	EndGlobalSection
	GlobalSection(NestedProjects) = preSolution
		{5342C46D-FCD6-45F7-9CFD-00D73FA3FA64} = {802BCEA7-6BE0-4127-B514-8359A881360E}
		{FC473BA6-8D3C-4A85-B51E-AEA33BAC3DB5} = {802BCEA7-6BE0-4127-B514-8359A881360E}
		{603D06F2-72FB-44ED-A951-26E04C66C641} = {802BCEA7-6BE0-4127-B514-8359A881360E}
		{F18C9CD1-C83A-406E-A5C2-0E883CEB1E5A} = {802BCEA7-6BE0-4127-B514-8359A881360E}
		{B9B88C9F-B5D2-429B-990F-0C934B98B77E} = {ED0C64DC-09B2-4207-BD7C-E3650B60B32F}
		{7D690D5B-BD5B-42AB-9DD3-AC44726D3A72} = {ED0C64DC-09B2-4207-BD7C-E3650B60B32F}
		{611BF39C-EB1F-49E4-81A6-E026F8F252B0} = {802BCEA7-6BE0-4127-B514-8359A881360E}
		{1CFD14CD-AD85-416A-A966-33C7F5D62D4C} = {802BCEA7-6BE0-4127-B514-8359A881360E}
		{86587188-FD34-465B-8FD1-187B8456E748} = {802BCEA7-6BE0-4127-B514-8359A881360E}
	EndGlobalSection
EndGlobal
