
Microsoft Visual Studio Solution File, Format Version 12.00
# Visual Studio Version 17
VisualStudioVersion = 17.12.35514.174
MinimumVisualStudioVersion = 10.0.40219.1
Project("{FAE04EC0-301F-11D3-BF4B-00C04F79EFBC}") = "MTBS.Domain", "MTBS.Domain\MTBS.Domain.csproj", "{5342C46D-FCD6-45F7-9CFD-00D73FA3FA64}"
EndProject
Project("{FAE04EC0-301F-11D3-BF4B-00C04F79EFBC}") = "MTBS.Application", "MTBS.Application\MTBS.Application.csproj", "{FC473BA6-8D3C-4A85-B51E-AEA33BAC3DB5}"
EndProject
Project("{FAE04EC0-301F-11D3-BF4B-00C04F79EFBC}") = "MTBS.Infrastructure", "MTBS.Infrastructure\MTBS.Infrastructure.csproj", "{603D06F2-72FB-44ED-A951-26E04C66C641}"
EndProject
Global
	GlobalSection(SolutionConfigurationPlatforms) = preSolution
		Debug|Any CPU = Debug|Any CPU
		Release|Any CPU = Release|Any CPU
	EndGlobalSection
	GlobalSection(ProjectConfigurationPlatforms) = postSolution
		{5342C46D-FCD6-45F7-9CFD-00D73FA3FA64}.Debug|Any CPU.ActiveCfg = Debug|Any CPU
		{5342C46D-FCD6-45F7-9CFD-00D73FA3FA64}.Debug|Any CPU.Build.0 = Debug|Any CPU
		{5342C46D-FCD6-45F7-9CFD-00D73FA3FA64}.Release|Any CPU.ActiveCfg = Release|Any CPU
		{5342C46D-FCD6-45F7-9CFD-00D73FA3FA64}.Release|Any CPU.Build.0 = Release|Any CPU
		{FC473BA6-8D3C-4A85-B51E-AEA33BAC3DB5}.Debug|Any CPU.ActiveCfg = Debug|Any CPU
		{FC473BA6-8D3C-4A85-B51E-AEA33BAC3DB5}.Debug|Any CPU.Build.0 = Debug|Any CPU
		{FC473BA6-8D3C-4A85-B51E-AEA33BAC3DB5}.Release|Any CPU.ActiveCfg = Release|Any CPU
		{FC473BA6-8D3C-4A85-B51E-AEA33BAC3DB5}.Release|Any CPU.Build.0 = Release|Any CPU
		{603D06F2-72FB-44ED-A951-26E04C66C641}.Debug|Any CPU.ActiveCfg = Debug|Any CPU
		{603D06F2-72FB-44ED-A951-26E04C66C641}.Debug|Any CPU.Build.0 = Debug|Any CPU
		{603D06F2-72FB-44ED-A951-26E04C66C641}.Release|Any CPU.ActiveCfg = Release|Any CPU
		{603D06F2-72FB-44ED-A951-26E04C66C641}.Release|Any CPU.Build.0 = Release|Any CPU
	EndGlobalSection
	GlobalSection(SolutionProperties) = preSolution
		HideSolutionNode = FALSE
	EndGlobalSection
EndGlobal
